
Microsoft Visual Studio Solution File, Format Version 12.00
# Visual Studio Version 17
VisualStudioVersion = 17.5.33424.131
MinimumVisualStudioVersion = 10.0.40219.1
Project("{FAE04EC0-301F-11D3-BF4B-00C04F79EFBC}") = "Lesson 06.03.23 Mon", "Lesson 06.03.23 Mon\Lesson 06.03.23 Mon.csproj", "{732B70FF-3D10-47C8-AE33-F6A09FE7CC0C}"
EndProject
Global
	GlobalSection(SolutionConfigurationPlatforms) = preSolution
		Debug|Any CPU = Debug|Any CPU
		Release|Any CPU = Release|Any CPU
	EndGlobalSection
	GlobalSection(ProjectConfigurationPlatforms) = postSolution
		{732B70FF-3D10-47C8-AE33-F6A09FE7CC0C}.Debug|Any CPU.ActiveCfg = Debug|Any CPU
		{732B70FF-3D10-47C8-AE33-F6A09FE7CC0C}.Debug|Any CPU.Build.0 = Debug|Any CPU
		{732B70FF-3D10-47C8-AE33-F6A09FE7CC0C}.Release|Any CPU.ActiveCfg = Release|Any CPU
		{732B70FF-3D10-47C8-AE33-F6A09FE7CC0C}.Release|Any CPU.Build.0 = Release|Any CPU
	EndGlobalSection
	GlobalSection(SolutionProperties) = preSolution
		HideSolutionNode = FALSE
	EndGlobalSection
	GlobalSection(ExtensibilityGlobals) = postSolution
		SolutionGuid = {81F86E83-49A2-4411-BF1C-445623D6AE90}
	EndGlobalSection
EndGlobal
